
Microsoft Visual Studio Solution File, Format Version 12.00
# Visual Studio Version 16
VisualStudioVersion = 16.0.29306.81
MinimumVisualStudioVersion = 10.0.40219.1
Project("{FAE04EC0-301F-11D3-BF4B-00C04F79EFBC}") = "FretboardDesign", "FretboardDesign\FretboardDesign.csproj", "{66E11F68-0EC2-4C34-9FB3-E541BA1E4D8D}"
EndProject
Global
	GlobalSection(SolutionConfigurationPlatforms) = preSolution
		Debug|Any CPU = Debug|Any CPU
		Release|Any CPU = Release|Any CPU
	EndGlobalSection
	GlobalSection(ProjectConfigurationPlatforms) = postSolution
		{66E11F68-0EC2-4C34-9FB3-E541BA1E4D8D}.Debug|Any CPU.ActiveCfg = Debug|Any CPU
		{66E11F68-0EC2-4C34-9FB3-E541BA1E4D8D}.Debug|Any CPU.Build.0 = Debug|Any CPU
		{66E11F68-0EC2-4C34-9FB3-E541BA1E4D8D}.Release|Any CPU.ActiveCfg = Release|Any CPU
		{66E11F68-0EC2-4C34-9FB3-E541BA1E4D8D}.Release|Any CPU.Build.0 = Release|Any CPU
	EndGlobalSection
	GlobalSection(SolutionProperties) = preSolution
		HideSolutionNode = FALSE
	EndGlobalSection
	GlobalSection(ExtensibilityGlobals) = postSolution
		SolutionGuid = {AF6C4B6B-D9DF-4B66-9A49-B2CB3E329387}
	EndGlobalSection
EndGlobal
