
Microsoft Visual Studio Solution File, Format Version 12.00
# Visual Studio Version 16
VisualStudioVersion = 16.0.29318.209
MinimumVisualStudioVersion = 10.0.40219.1
Project("{FAE04EC0-301F-11D3-BF4B-00C04F79EFBC}") = "QuickScaleAndIdentity", "QuickScaleAndIdentity\QuickScaleAndIdentity.csproj", "{664ED019-177E-4E6D-99F0-293EE5828405}"
EndProject
Global
	GlobalSection(SolutionConfigurationPlatforms) = preSolution
		Debug|Any CPU = Debug|Any CPU
		Release|Any CPU = Release|Any CPU
	EndGlobalSection
	GlobalSection(ProjectConfigurationPlatforms) = postSolution
		{664ED019-177E-4E6D-99F0-293EE5828405}.Debug|Any CPU.ActiveCfg = Debug|Any CPU
		{664ED019-177E-4E6D-99F0-293EE5828405}.Debug|Any CPU.Build.0 = Debug|Any CPU
		{664ED019-177E-4E6D-99F0-293EE5828405}.Release|Any CPU.ActiveCfg = Release|Any CPU
		{664ED019-177E-4E6D-99F0-293EE5828405}.Release|Any CPU.Build.0 = Release|Any CPU
	EndGlobalSection
	GlobalSection(SolutionProperties) = preSolution
		HideSolutionNode = FALSE
	EndGlobalSection
	GlobalSection(ExtensibilityGlobals) = postSolution
		SolutionGuid = {1452CE89-8CA1-400A-B4AF-7F4445A244F7}
	EndGlobalSection
EndGlobal
