
Microsoft Visual Studio Solution File, Format Version 12.00
# Visual Studio Version 16
VisualStudioVersion = 16.0.29209.62
MinimumVisualStudioVersion = 10.0.40219.1
Project("{FAE04EC0-301F-11D3-BF4B-00C04F79EFBC}") = "QuickScaleProtoType", "QuickScaleProtoType.csproj", "{238E64D5-0D40-408E-8C2F-794473EBE1A3}"
EndProject
Global
	GlobalSection(SolutionConfigurationPlatforms) = preSolution
		Debug|Any CPU = Debug|Any CPU
		Release|Any CPU = Release|Any CPU
	EndGlobalSection
	GlobalSection(ProjectConfigurationPlatforms) = postSolution
		{238E64D5-0D40-408E-8C2F-794473EBE1A3}.Debug|Any CPU.ActiveCfg = Debug|Any CPU
		{238E64D5-0D40-408E-8C2F-794473EBE1A3}.Debug|Any CPU.Build.0 = Debug|Any CPU
		{238E64D5-0D40-408E-8C2F-794473EBE1A3}.Release|Any CPU.ActiveCfg = Release|Any CPU
		{238E64D5-0D40-408E-8C2F-794473EBE1A3}.Release|Any CPU.Build.0 = Release|Any CPU
	EndGlobalSection
	GlobalSection(SolutionProperties) = preSolution
		HideSolutionNode = FALSE
	EndGlobalSection
	GlobalSection(ExtensibilityGlobals) = postSolution
		SolutionGuid = {5DD84DD5-593B-4AB7-BBFB-1EFC22B7BA06}
	EndGlobalSection
EndGlobal
